// !$*UTF8*$!
{
	archiveVersion = 1;
	classes = {
	};
	objectVersion = 56;
	objects = {

/* Begin PBXBuildFile section */
		104E71632B3AF93900A63946 /* AppDelegate.swift in Sources */ = {isa = PBXBuildFile; fileRef = 104E71622B3AF93900A63946 /* AppDelegate.swift */; };
		104E71652B3AF93900A63946 /* SceneDelegate.swift in Sources */ = {isa = PBXBuildFile; fileRef = 104E71642B3AF93900A63946 /* SceneDelegate.swift */; };
		104E71672B3AF93900A63946 /* ViewController.swift in Sources */ = {isa = PBXBuildFile; fileRef = 104E71662B3AF93900A63946 /* ViewController.swift */; };
		104E716A2B3AF93900A63946 /* Main.storyboard in Resources */ = {isa = PBXBuildFile; fileRef = 104E71682B3AF93900A63946 /* Main.storyboard */; };
		104E716C2B3AF93A00A63946 /* Assets.xcassets in Resources */ = {isa = PBXBuildFile; fileRef = 104E716B2B3AF93A00A63946 /* Assets.xcassets */; };
		104E716F2B3AF93A00A63946 /* LaunchScreen.storyboard in Resources */ = {isa = PBXBuildFile; fileRef = 104E716D2B3AF93A00A63946 /* LaunchScreen.storyboard */; };
		10DC87E62B3B18BB0020FB09 /* EntryViewController.swift in Sources */ = {isa = PBXBuildFile; fileRef = 10DC87E52B3B18BB0020FB09 /* EntryViewController.swift */; };
		10DC87E82B3B18FD0020FB09 /* ViewViewController.swift in Sources */ = {isa = PBXBuildFile; fileRef = 10DC87E72B3B18FD0020FB09 /* ViewViewController.swift */; };
		FBF030AEFE9C020164050F9A /* Pods_ListApp3.framework in Frameworks */ = {isa = PBXBuildFile; fileRef = 355E83847CB435906CB1EFC3 /* Pods_ListApp3.framework */; };
/* End PBXBuildFile section */

/* Begin PBXFileReference section */
		104E715F2B3AF93900A63946 /* ListApp3.app */ = {isa = PBXFileReference; explicitFileType = wrapper.application; includeInIndex = 0; path = ListApp3.app; sourceTree = BUILT_PRODUCTS_DIR; };
		104E71622B3AF93900A63946 /* AppDelegate.swift */ = {isa = PBXFileReference; lastKnownFileType = sourcecode.swift; path = AppDelegate.swift; sourceTree = "<group>"; };
		104E71642B3AF93900A63946 /* SceneDelegate.swift */ = {isa = PBXFileReference; lastKnownFileType = sourcecode.swift; path = SceneDelegate.swift; sourceTree = "<group>"; };
		104E71662B3AF93900A63946 /* ViewController.swift */ = {isa = PBXFileReference; lastKnownFileType = sourcecode.swift; path = ViewController.swift; sourceTree = "<group>"; };
		104E71692B3AF93900A63946 /* Base */ = {isa = PBXFileReference; lastKnownFileType = file.storyboard; name = Base; path = Base.lproj/Main.storyboard; sourceTree = "<group>"; };
		104E716B2B3AF93A00A63946 /* Assets.xcassets */ = {isa = PBXFileReference; lastKnownFileType = folder.assetcatalog; path = Assets.xcassets; sourceTree = "<group>"; };
		104E716E2B3AF93A00A63946 /* Base */ = {isa = PBXFileReference; lastKnownFileType = file.storyboard; name = Base; path = Base.lproj/LaunchScreen.storyboard; sourceTree = "<group>"; };
		104E71702B3AF93A00A63946 /* Info.plist */ = {isa = PBXFileReference; lastKnownFileType = text.plist.xml; path = Info.plist; sourceTree = "<group>"; };
		10DC87E52B3B18BB0020FB09 /* EntryViewController.swift */ = {isa = PBXFileReference; lastKnownFileType = sourcecode.swift; path = EntryViewController.swift; sourceTree = "<group>"; };
		10DC87E72B3B18FD0020FB09 /* ViewViewController.swift */ = {isa = PBXFileReference; lastKnownFileType = sourcecode.swift; path = ViewViewController.swift; sourceTree = "<group>"; };
		1627E2A966DEC9DF51595F76 /* Pods-ListApp3.release.xcconfig */ = {isa = PBXFileReference; includeInIndex = 1; lastKnownFileType = text.xcconfig; name = "Pods-ListApp3.release.xcconfig"; path = "Target Support Files/Pods-ListApp3/Pods-ListApp3.release.xcconfig"; sourceTree = "<group>"; };
		355E83847CB435906CB1EFC3 /* Pods_ListApp3.framework */ = {isa = PBXFileReference; explicitFileType = wrapper.framework; includeInIndex = 0; path = Pods_ListApp3.framework; sourceTree = BUILT_PRODUCTS_DIR; };
		AC69622101F2E7EDA916B810 /* Pods-ListApp3.debug.xcconfig */ = {isa = PBXFileReference; includeInIndex = 1; lastKnownFileType = text.xcconfig; name = "Pods-ListApp3.debug.xcconfig"; path = "Target Support Files/Pods-ListApp3/Pods-ListApp3.debug.xcconfig"; sourceTree = "<group>"; };
/* End PBXFileReference section */

/* Begin PBXFrameworksBuildPhase section */
		104E715C2B3AF93900A63946 /* Frameworks */ = {
			isa = PBXFrameworksBuildPhase;
			buildActionMask = 2147483647;
			files = (
				FBF030AEFE9C020164050F9A /* Pods_ListApp3.framework in Frameworks */,
			);
			runOnlyForDeploymentPostprocessing = 0;
		};
/* End PBXFrameworksBuildPhase section */

/* Begin PBXGroup section */
		104E71562B3AF93900A63946 = {
			isa = PBXGroup;
			children = (
				104E71612B3AF93900A63946 /* ListApp3 */,
				104E71602B3AF93900A63946 /* Products */,
				BFA1A07B0794DA01DC3F84C1 /* Pods */,
				E369814D962209E7B0535B04 /* Frameworks */,
			);
			sourceTree = "<group>";
		};
		104E71602B3AF93900A63946 /* Products */ = {
			isa = PBXGroup;
			children = (
				104E715F2B3AF93900A63946 /* ListApp3.app */,
			);
			name = Products;
			sourceTree = "<group>";
		};
		104E71612B3AF93900A63946 /* ListApp3 */ = {
			isa = PBXGroup;
			children = (
				104E71622B3AF93900A63946 /* AppDelegate.swift */,
				104E71642B3AF93900A63946 /* SceneDelegate.swift */,
				104E71662B3AF93900A63946 /* ViewController.swift */,
				104E71682B3AF93900A63946 /* Main.storyboard */,
				104E716D2B3AF93A00A63946 /* LaunchScreen.storyboard */,
				104E716B2B3AF93A00A63946 /* Assets.xcassets */,
				104E71702B3AF93A00A63946 /* Info.plist */,
				10DC87E52B3B18BB0020FB09 /* EntryViewController.swift */,
				10DC87E72B3B18FD0020FB09 /* ViewViewController.swift */,
			);
			path = ListApp3;
			sourceTree = "<group>";
		};
		BFA1A07B0794DA01DC3F84C1 /* Pods */ = {
			isa = PBXGroup;
			children = (
				AC69622101F2E7EDA916B810 /* Pods-ListApp3.debug.xcconfig */,
				1627E2A966DEC9DF51595F76 /* Pods-ListApp3.release.xcconfig */,
			);
			path = Pods;
			sourceTree = "<group>";
		};
		E369814D962209E7B0535B04 /* Frameworks */ = {
			isa = PBXGroup;
			children = (
				355E83847CB435906CB1EFC3 /* Pods_ListApp3.framework */,
			);
			name = Frameworks;
			sourceTree = "<group>";
		};
/* End PBXGroup section */

/* Begin PBXNativeTarget section */
		104E715E2B3AF93900A63946 /* ListApp3 */ = {
			isa = PBXNativeTarget;
			buildConfigurationList = 104E71732B3AF93A00A63946 /* Build configuration list for PBXNativeTarget "ListApp3" */;
			buildPhases = (
				2D403BF5DB1ABC65F83945CB /* [CP] Check Pods Manifest.lock */,
				104E715B2B3AF93900A63946 /* Sources */,
				104E715C2B3AF93900A63946 /* Frameworks */,
				104E715D2B3AF93900A63946 /* Resources */,
				3F55EE1251F9A30C02FE3AE6 /* [CP] Embed Pods Frameworks */,
			);
			buildRules = (
			);
			dependencies = (
			);
			name = ListApp3;
			productName = ListApp3;
			productReference = 104E715F2B3AF93900A63946 /* ListApp3.app */;
			productType = "com.apple.product-type.application";
		};
/* End PBXNativeTarget section */

/* Begin PBXProject section */
		104E71572B3AF93900A63946 /* Project object */ = {
			isa = PBXProject;
			attributes = {
				BuildIndependentTargetsInParallel = 1;
				LastSwiftUpdateCheck = 1510;
				LastUpgradeCheck = 1510;
				TargetAttributes = {
					104E715E2B3AF93900A63946 = {
						CreatedOnToolsVersion = 15.1;
					};
				};
			};
			buildConfigurationList = 104E715A2B3AF93900A63946 /* Build configuration list for PBXProject "ListApp3" */;
			compatibilityVersion = "Xcode 14.0";
			developmentRegion = en;
			hasScannedForEncodings = 0;
			knownRegions = (
				en,
				Base,
			);
			mainGroup = 104E71562B3AF93900A63946;
			productRefGroup = 104E71602B3AF93900A63946 /* Products */;
			projectDirPath = "";
			projectRoot = "";
			targets = (
				104E715E2B3AF93900A63946 /* ListApp3 */,
			);
		};
/* End PBXProject section */

/* Begin PBXResourcesBuildPhase section */
		104E715D2B3AF93900A63946 /* Resources */ = {
			isa = PBXResourcesBuildPhase;
			buildActionMask = 2147483647;
			files = (
				104E716F2B3AF93A00A63946 /* LaunchScreen.storyboard in Resources */,
				104E716C2B3AF93A00A63946 /* Assets.xcassets in Resources */,
				104E716A2B3AF93900A63946 /* Main.storyboard in Resources */,
			);
			runOnlyForDeploymentPostprocessing = 0;
		};
/* End PBXResourcesBuildPhase section */

/* Begin PBXShellScriptBuildPhase section */
		2D403BF5DB1ABC65F83945CB /* [CP] Check Pods Manifest.lock */ = {
			isa = PBXShellScriptBuildPhase;
			buildActionMask = 2147483647;
			files = (
			);
			inputFileListPaths = (
			);
			inputPaths = (
				"${PODS_PODFILE_DIR_PATH}/Podfile.lock",
				"${PODS_ROOT}/Manifest.lock",
			);
			name = "[CP] Check Pods Manifest.lock";
			outputFileListPaths = (
			);
			outputPaths = (
				"$(DERIVED_FILE_DIR)/Pods-ListApp3-checkManifestLockResult.txt",
			);
			runOnlyForDeploymentPostprocessing = 0;
			shellPath = /bin/sh;
			shellScript = "diff \"${PODS_PODFILE_DIR_PATH}/Podfile.lock\" \"${PODS_ROOT}/Manifest.lock\" > /dev/null\nif [ $? != 0 ] ; then\n    # print error to STDERR\n    echo \"error: The sandbox is not in sync with the Podfile.lock. Run 'pod install' or update your CocoaPods installation.\" >&2\n    exit 1\nfi\n# This output is used by Xcode 'outputs' to avoid re-running this script phase.\necho \"SUCCESS\" > \"${SCRIPT_OUTPUT_FILE_0}\"\n";
			showEnvVarsInLog = 0;
		};
		3F55EE1251F9A30C02FE3AE6 /* [CP] Embed Pods Frameworks */ = {
			isa = PBXShellScriptBuildPhase;
			buildActionMask = 2147483647;
			files = (
			);
			inputFileListPaths = (
				"${PODS_ROOT}/Target Support Files/Pods-ListApp3/Pods-ListApp3-frameworks-${CONFIGURATION}-input-files.xcfilelist",
			);
			name = "[CP] Embed Pods Frameworks";
			outputFileListPaths = (
				"${PODS_ROOT}/Target Support Files/Pods-ListApp3/Pods-ListApp3-frameworks-${CONFIGURATION}-output-files.xcfilelist",
			);
			runOnlyForDeploymentPostprocessing = 0;
			shellPath = /bin/sh;
			shellScript = "\"${PODS_ROOT}/Target Support Files/Pods-ListApp3/Pods-ListApp3-frameworks.sh\"\n";
			showEnvVarsInLog = 0;
		};
/* End PBXShellScriptBuildPhase section */

/* Begin PBXSourcesBuildPhase section */
		104E715B2B3AF93900A63946 /* Sources */ = {
			isa = PBXSourcesBuildPhase;
			buildActionMask = 2147483647;
			files = (
				104E71672B3AF93900A63946 /* ViewController.swift in Sources */,
				10DC87E62B3B18BB0020FB09 /* EntryViewController.swift in Sources */,
				10DC87E82B3B18FD0020FB09 /* ViewViewController.swift in Sources */,
				104E71632B3AF93900A63946 /* AppDelegate.swift in Sources */,
				104E71652B3AF93900A63946 /* SceneDelegate.swift in Sources */,
			);
			runOnlyForDeploymentPostprocessing = 0;
		};
/* End PBXSourcesBuildPhase section */

/* Begin PBXVariantGroup section */
		104E71682B3AF93900A63946 /* Main.storyboard */ = {
			isa = PBXVariantGroup;
			children = (
				104E71692B3AF93900A63946 /* Base */,
			);
			name = Main.storyboard;
			sourceTree = "<group>";
		};
		104E716D2B3AF93A00A63946 /* LaunchScreen.storyboard */ = {
			isa = PBXVariantGroup;
			children = (
				104E716E2B3AF93A00A63946 /* Base */,
			);
			name = LaunchScreen.storyboard;
			sourceTree = "<group>";
		};
/* End PBXVariantGroup section */

/* Begin XCBuildConfiguration section */
		104E71712B3AF93A00A63946 /* Debug */ = {
			isa = XCBuildConfiguration;
			buildSettings = {
				ALWAYS_SEARCH_USER_PATHS = NO;
				ASSETCATALOG_COMPILER_GENERATE_SWIFT_ASSET_SYMBOL_EXTENSIONS = YES;
				CLANG_ANALYZER_NONNULL = YES;
				CLANG_ANALYZER_NUMBER_OBJECT_CONVERSION = YES_AGGRESSIVE;
				CLANG_CXX_LANGUAGE_STANDARD = "gnu++20";
				CLANG_ENABLE_MODULES = YES;
				CLANG_ENABLE_OBJC_ARC = YES;
				CLANG_ENABLE_OBJC_WEAK = YES;
				CLANG_WARN_BLOCK_CAPTURE_AUTORELEASING = YES;
				CLANG_WARN_BOOL_CONVERSION = YES;
				CLANG_WARN_COMMA = YES;
				CLANG_WARN_CONSTANT_CONVERSION = YES;
				CLANG_WARN_DEPRECATED_OBJC_IMPLEMENTATIONS = YES;
				CLANG_WARN_DIRECT_OBJC_ISA_USAGE = YES_ERROR;
				CLANG_WARN_DOCUMENTATION_COMMENTS = YES;
				CLANG_WARN_EMPTY_BODY = YES;
				CLANG_WARN_ENUM_CONVERSION = YES;
				CLANG_WARN_INFINITE_RECURSION = YES;
				CLANG_WARN_INT_CONVERSION = YES;
				CLANG_WARN_NON_LITERAL_NULL_CONVERSION = YES;
				CLANG_WARN_OBJC_IMPLICIT_RETAIN_SELF = YES;
				CLANG_WARN_OBJC_LITERAL_CONVERSION = YES;
				CLANG_WARN_OBJC_ROOT_CLASS = YES_ERROR;
				CLANG_WARN_QUOTED_INCLUDE_IN_FRAMEWORK_HEADER = YES;
				CLANG_WARN_RANGE_LOOP_ANALYSIS = YES;
				CLANG_WARN_STRICT_PROTOTYPES = YES;
				CLANG_WARN_SUSPICIOUS_MOVE = YES;
				CLANG_WARN_UNGUARDED_AVAILABILITY = YES_AGGRESSIVE;
				CLANG_WARN_UNREACHABLE_CODE = YES;
				CLANG_WARN__DUPLICATE_METHOD_MATCH = YES;
				COPY_PHASE_STRIP = NO;
				DEBUG_INFORMATION_FORMAT = dwarf;
				ENABLE_STRICT_OBJC_MSGSEND = YES;
				ENABLE_TESTABILITY = YES;
				ENABLE_USER_SCRIPT_SANDBOXING = NO;
				GCC_C_LANGUAGE_STANDARD = gnu17;
				GCC_DYNAMIC_NO_PIC = NO;
				GCC_NO_COMMON_BLOCKS = YES;
				GCC_OPTIMIZATION_LEVEL = 0;
				GCC_PREPROCESSOR_DEFINITIONS = (
					"DEBUG=1",
					"$(inherited)",
				);
				GCC_WARN_64_TO_32_BIT_CONVERSION = YES;
				GCC_WARN_ABOUT_RETURN_TYPE = YES_ERROR;
				GCC_WARN_UNDECLARED_SELECTOR = YES;
				GCC_WARN_UNINITIALIZED_AUTOS = YES_AGGRESSIVE;
				GCC_WARN_UNUSED_FUNCTION = YES;
				GCC_WARN_UNUSED_VARIABLE = YES;
				IPHONEOS_DEPLOYMENT_TARGET = 17.2;
				LOCALIZATION_PREFERS_STRING_CATALOGS = YES;
				MTL_ENABLE_DEBUG_INFO = INCLUDE_SOURCE;
				MTL_FAST_MATH = YES;
				ONLY_ACTIVE_ARCH = YES;
				SDKROOT = iphoneos;
				SWIFT_ACTIVE_COMPILATION_CONDITIONS = "DEBUG $(inherited)";
				SWIFT_OPTIMIZATION_LEVEL = "-Onone";
			};
			name = Debug;
		};
		104E71722B3AF93A00A63946 /* Release */ = {
			isa = XCBuildConfiguration;
			buildSettings = {
				ALWAYS_SEARCH_USER_PATHS = NO;
				ASSETCATALOG_COMPILER_GENERATE_SWIFT_ASSET_SYMBOL_EXTENSIONS = YES;
				CLANG_ANALYZER_NONNULL = YES;
				CLANG_ANALYZER_NUMBER_OBJECT_CONVERSION = YES_AGGRESSIVE;
				CLANG_CXX_LANGUAGE_STANDARD = "gnu++20";
				CLANG_ENABLE_MODULES = YES;
				CLANG_ENABLE_OBJC_ARC = YES;
				CLANG_ENABLE_OBJC_WEAK = YES;
				CLANG_WARN_BLOCK_CAPTURE_AUTORELEASING = YES;
				CLANG_WARN_BOOL_CONVERSION = YES;
				CLANG_WARN_COMMA = YES;
				CLANG_WARN_CONSTANT_CONVERSION = YES;
				CLANG_WARN_DEPRECATED_OBJC_IMPLEMENTATIONS = YES;
				CLANG_WARN_DIRECT_OBJC_ISA_USAGE = YES_ERROR;
				CLANG_WARN_DOCUMENTATION_COMMENTS = YES;
				CLANG_WARN_EMPTY_BODY = YES;
				CLANG_WARN_ENUM_CONVERSION = YES;
				CLANG_WARN_INFINITE_RECURSION = YES;
				CLANG_WARN_INT_CONVERSION = YES;
				CLANG_WARN_NON_LITERAL_NULL_CONVERSION = YES;
				CLANG_WARN_OBJC_IMPLICIT_RETAIN_SELF = YES;
				CLANG_WARN_OBJC_LITERAL_CONVERSION = YES;
				CLANG_WARN_OBJC_ROOT_CLASS = YES_ERROR;
				CLANG_WARN_QUOTED_INCLUDE_IN_FRAMEWORK_HEADER = YES;
				CLANG_WARN_RANGE_LOOP_ANALYSIS = YES;
				CLANG_WARN_STRICT_PROTOTYPES = YES;
				CLANG_WARN_SUSPICIOUS_MOVE = YES;
				CLANG_WARN_UNGUARDED_AVAILABILITY = YES_AGGRESSIVE;
				CLANG_WARN_UNREACHABLE_CODE = YES;
				CLANG_WARN__DUPLICATE_METHOD_MATCH = YES;
				COPY_PHASE_STRIP = NO;
				DEBUG_INFORMATION_FORMAT = "dwarf-with-dsym";
				ENABLE_NS_ASSERTIONS = NO;
				ENABLE_STRICT_OBJC_MSGSEND = YES;
				ENABLE_USER_SCRIPT_SANDBOXING = NO;
				GCC_C_LANGUAGE_STANDARD = gnu17;
				GCC_NO_COMMON_BLOCKS = YES;
				GCC_WARN_64_TO_32_BIT_CONVERSION = YES;
				GCC_WARN_ABOUT_RETURN_TYPE = YES_ERROR;
				GCC_WARN_UNDECLARED_SELECTOR = YES;
				GCC_WARN_UNINITIALIZED_AUTOS = YES_AGGRESSIVE;
				GCC_WARN_UNUSED_FUNCTION = YES;
				GCC_WARN_UNUSED_VARIABLE = YES;
				IPHONEOS_DEPLOYMENT_TARGET = 17.2;
				LOCALIZATION_PREFERS_STRING_CATALOGS = YES;
				MTL_ENABLE_DEBUG_INFO = NO;
				MTL_FAST_MATH = YES;
				SDKROOT = iphoneos;
				SWIFT_COMPILATION_MODE = wholemodule;
				VALIDATE_PRODUCT = YES;
			};
			name = Release;
		};
		104E71742B3AF93A00A63946 /* Debug */ = {
			isa = XCBuildConfiguration;
			baseConfigurationReference = AC69622101F2E7EDA916B810 /* Pods-ListApp3.debug.xcconfig */;
			buildSettings = {
				ASSETCATALOG_COMPILER_APPICON_NAME = AppIcon;
				ASSETCATALOG_COMPILER_GLOBAL_ACCENT_COLOR_NAME = AccentColor;
				CODE_SIGN_STYLE = Automatic;
				CURRENT_PROJECT_VERSION = 1;
				GENERATE_INFOPLIST_FILE = YES;
				INFOPLIST_FILE = ListApp3/Info.plist;
				INFOPLIST_KEY_UIApplicationSupportsIndirectInputEvents = YES;
				INFOPLIST_KEY_UILaunchStoryboardName = LaunchScreen;
				INFOPLIST_KEY_UIMainStoryboardFile = Main;
				INFOPLIST_KEY_UISupportedInterfaceOrientations_iPad = "UIInterfaceOrientationPortrait UIInterfaceOrientationPortraitUpsideDown UIInterfaceOrientationLandscapeLeft UIInterfaceOrientationLandscapeRight";
				INFOPLIST_KEY_UISupportedInterfaceOrientations_iPhone = "UIInterfaceOrientationPortrait UIInterfaceOrientationLandscapeLeft UIInterfaceOrientationLandscapeRight";
				LD_RUNPATH_SEARCH_PATHS = (
					"$(inherited)",
					"@executable_path/Frameworks",
				);
				MARKETING_VERSION = 1.0;
				PRODUCT_BUNDLE_IDENTIFIER = me.gul.guray.ListApp3;
				PRODUCT_NAME = "$(TARGET_NAME)";
				SWIFT_EMIT_LOC_STRINGS = YES;
				SWIFT_VERSION = 5.0;
				TARGETED_DEVICE_FAMILY = "1,2";
			};
			name = Debug;
		};
		104E71752B3AF93A00A63946 /* Release */ = {
			isa = XCBuildConfiguration;
			baseConfigurationReference = 1627E2A966DEC9DF51595F76 /* Pods-ListApp3.release.xcconfig */;
			buildSettings = {
				ASSETCATALOG_COMPILER_APPICON_NAME = AppIcon;
				ASSETCATALOG_COMPILER_GLOBAL_ACCENT_COLOR_NAME = AccentColor;
				CODE_SIGN_STYLE = Automatic;
				CURRENT_PROJECT_VERSION = 1;
				GENERATE_INFOPLIST_FILE = YES;
				INFOPLIST_FILE = ListApp3/Info.plist;
				INFOPLIST_KEY_UIApplicationSupportsIndirectInputEvents = YES;
				INFOPLIST_KEY_UILaunchStoryboardName = LaunchScreen;
				INFOPLIST_KEY_UIMainStoryboardFile = Main;
				INFOPLIST_KEY_UISupportedInterfaceOrientations_iPad = "UIInterfaceOrientationPortrait UIInterfaceOrientationPortraitUpsideDown UIInterfaceOrientationLandscapeLeft UIInterfaceOrientationLandscapeRight";
				INFOPLIST_KEY_UISupportedInterfaceOrientations_iPhone = "UIInterfaceOrientationPortrait UIInterfaceOrientationLandscapeLeft UIInterfaceOrientationLandscapeRight";
				LD_RUNPATH_SEARCH_PATHS = (
					"$(inherited)",
					"@executable_path/Frameworks",
				);
				MARKETING_VERSION = 1.0;
				PRODUCT_BUNDLE_IDENTIFIER = me.gul.guray.ListApp3;
				PRODUCT_NAME = "$(TARGET_NAME)";
				SWIFT_EMIT_LOC_STRINGS = YES;
				SWIFT_VERSION = 5.0;
				TARGETED_DEVICE_FAMILY = "1,2";
			};
			name = Release;
		};
/* End XCBuildConfiguration section */

/* Begin XCConfigurationList section */
		104E715A2B3AF93900A63946 /* Build configuration list for PBXProject "ListApp3" */ = {
			isa = XCConfigurationList;
			buildConfigurations = (
				104E71712B3AF93A00A63946 /* Debug */,
				104E71722B3AF93A00A63946 /* Release */,
			);
			defaultConfigurationIsVisible = 0;
			defaultConfigurationName = Release;
		};
		104E71732B3AF93A00A63946 /* Build configuration list for PBXNativeTarget "ListApp3" */ = {
			isa = XCConfigurationList;
			buildConfigurations = (
				104E71742B3AF93A00A63946 /* Debug */,
				104E71752B3AF93A00A63946 /* Release */,
			);
			defaultConfigurationIsVisible = 0;
			defaultConfigurationName = Release;
		};
/* End XCConfigurationList section */
	};
	rootObject = 104E71572B3AF93900A63946 /* Project object */;
}
